
Microsoft Visual Studio Solution File, Format Version 12.00
# Visual Studio 15
VisualStudioVersion = 15.0.28010.2050
MinimumVisualStudioVersion = 10.0.40219.1
Project("{9A19103F-16F7-4668-BE54-9A1E7A4F7556}") = "NobelPriceData", "NobelPriceData\NobelPriceData.csproj", "{3223FFD8-D242-4617-8561-607E3B0B7238}"
EndProject
Project("{9A19103F-16F7-4668-BE54-9A1E7A4F7556}") = "NobelPriceAPI", "NobelPriceAPI\NobelPriceAPI.csproj", "{D8A29A44-9278-4BBA-BDED-BEFCF5CAC276}"
EndProject
Project("{FAE04EC0-301F-11D3-BF4B-00C04F79EFBC}") = "NobelPriceRestAPI", "NobelPriceRestAPI\NobelPriceRestAPI.csproj", "{B0A1047A-321E-4380-91D1-481043EDFEC3}"
EndProject
Global
	GlobalSection(SolutionConfigurationPlatforms) = preSolution
		Debug|Any CPU = Debug|Any CPU
		Release|Any CPU = Release|Any CPU
	EndGlobalSection
	GlobalSection(ProjectConfigurationPlatforms) = postSolution
		{3223FFD8-D242-4617-8561-607E3B0B7238}.Debug|Any CPU.ActiveCfg = Debug|Any CPU
		{3223FFD8-D242-4617-8561-607E3B0B7238}.Debug|Any CPU.Build.0 = Debug|Any CPU
		{3223FFD8-D242-4617-8561-607E3B0B7238}.Release|Any CPU.ActiveCfg = Release|Any CPU
		{3223FFD8-D242-4617-8561-607E3B0B7238}.Release|Any CPU.Build.0 = Release|Any CPU
		{D8A29A44-9278-4BBA-BDED-BEFCF5CAC276}.Debug|Any CPU.ActiveCfg = Debug|Any CPU
		{D8A29A44-9278-4BBA-BDED-BEFCF5CAC276}.Debug|Any CPU.Build.0 = Debug|Any CPU
		{D8A29A44-9278-4BBA-BDED-BEFCF5CAC276}.Release|Any CPU.ActiveCfg = Release|Any CPU
		{D8A29A44-9278-4BBA-BDED-BEFCF5CAC276}.Release|Any CPU.Build.0 = Release|Any CPU
		{B0A1047A-321E-4380-91D1-481043EDFEC3}.Debug|Any CPU.ActiveCfg = Debug|Any CPU
		{B0A1047A-321E-4380-91D1-481043EDFEC3}.Debug|Any CPU.Build.0 = Debug|Any CPU
		{B0A1047A-321E-4380-91D1-481043EDFEC3}.Release|Any CPU.ActiveCfg = Release|Any CPU
		{B0A1047A-321E-4380-91D1-481043EDFEC3}.Release|Any CPU.Build.0 = Release|Any CPU
	EndGlobalSection
	GlobalSection(SolutionProperties) = preSolution
		HideSolutionNode = FALSE
	EndGlobalSection
	GlobalSection(ExtensibilityGlobals) = postSolution
		SolutionGuid = {78A53D5D-DD5E-4A3E-A110-54E7DA5A410B}
	EndGlobalSection
EndGlobal
